
Microsoft Visual Studio Solution File, Format Version 12.00
# Visual Studio Version 16
VisualStudioVersion = 16.0.30413.136
MinimumVisualStudioVersion = 10.0.40219.1
Project("{FAE04EC0-301F-11D3-BF4B-00C04F79EFBC}") = "Exo_Operators", "Exo_Operators\Exo_Operators.csproj", "{FC212F99-1B72-4C34-A896-8C5FD9784FBB}"
EndProject
Global
	GlobalSection(SolutionConfigurationPlatforms) = preSolution
		Debug|Any CPU = Debug|Any CPU
		Release|Any CPU = Release|Any CPU
	EndGlobalSection
	GlobalSection(ProjectConfigurationPlatforms) = postSolution
		{FC212F99-1B72-4C34-A896-8C5FD9784FBB}.Debug|Any CPU.ActiveCfg = Debug|Any CPU
		{FC212F99-1B72-4C34-A896-8C5FD9784FBB}.Debug|Any CPU.Build.0 = Debug|Any CPU
		{FC212F99-1B72-4C34-A896-8C5FD9784FBB}.Release|Any CPU.ActiveCfg = Release|Any CPU
		{FC212F99-1B72-4C34-A896-8C5FD9784FBB}.Release|Any CPU.Build.0 = Release|Any CPU
	EndGlobalSection
	GlobalSection(SolutionProperties) = preSolution
		HideSolutionNode = FALSE
	EndGlobalSection
	GlobalSection(ExtensibilityGlobals) = postSolution
		SolutionGuid = {E005D9E3-F661-4D8B-846C-B158158952FF}
	EndGlobalSection
EndGlobal
